
Microsoft Visual Studio Solution File, Format Version 12.00
# Visual Studio Version 16
VisualStudioVersion = 16.0.32002.261
MinimumVisualStudioVersion = 10.0.40219.1
Project("{FAE04EC0-301F-11D3-BF4B-00C04F79EFBC}") = "bhlokanaServerless", "bhlokanaServerless.csproj", "{384F9882-5986-4E55-BC69-E0463A7F2F87}"
EndProject
Global
	GlobalSection(SolutionConfigurationPlatforms) = preSolution
		Debug|Any CPU = Debug|Any CPU
		Release|Any CPU = Release|Any CPU
	EndGlobalSection
	GlobalSection(ProjectConfigurationPlatforms) = postSolution
		{384F9882-5986-4E55-BC69-E0463A7F2F87}.Debug|Any CPU.ActiveCfg = Debug|Any CPU
		{384F9882-5986-4E55-BC69-E0463A7F2F87}.Debug|Any CPU.Build.0 = Debug|Any CPU
		{384F9882-5986-4E55-BC69-E0463A7F2F87}.Release|Any CPU.ActiveCfg = Release|Any CPU
		{384F9882-5986-4E55-BC69-E0463A7F2F87}.Release|Any CPU.Build.0 = Release|Any CPU
	EndGlobalSection
	GlobalSection(SolutionProperties) = preSolution
		HideSolutionNode = FALSE
	EndGlobalSection
	GlobalSection(ExtensibilityGlobals) = postSolution
		SolutionGuid = {D983E5D4-1D74-40C3-B81E-CEBBDE74A54C}
	EndGlobalSection
EndGlobal
